
Microsoft Visual Studio Solution File, Format Version 12.00
# Visual Studio Version 17
VisualStudioVersion = 17.0.31903.59
MinimumVisualStudioVersion = 10.0.40219.1
Project("{2150E333-8FDC-42A3-9474-1A3956D46DE8}") = "Carmine", "Carmine", "{DEBB4A1E-2811-4E64-BF3E-37EAF1C18675}"
EndProject
Project("{FAE04EC0-301F-11D3-BF4B-00C04F79EFBC}") = "Esercizio_01_C", "Carmine\Esercizio_01_C\Esercizio_01_C.csproj", "{89B7834C-474A-4DB6-BF55-77573485436A}"
EndProject
Project("{FAE04EC0-301F-11D3-BF4B-00C04F79EFBC}") = "Esercizio_02_C", "Carmine\Esercizio_02_C\Esercizio_02_C.csproj", "{305B567B-2008-45EC-8F18-5F034479F04D}"
EndProject
Project("{2150E333-8FDC-42A3-9474-1A3956D46DE8}") = "Moussa", "Moussa", "{53A6C08D-4F4B-4F5F-83D0-760108356475}"
EndProject
Project("{FAE04EC0-301F-11D3-BF4B-00C04F79EFBC}") = "Esercizio_01_M", "Moussa\Esercizio_01_M\Esercizio_01_M.csproj", "{B63A2049-B0FD-407E-9C05-8C509A470D6A}"
EndProject
Project("{FAE04EC0-301F-11D3-BF4B-00C04F79EFBC}") = "Esercizi_Metodi", "Moussa\Esercizi_Metodi\Esercizi_Metodi.csproj", "{EE042A72-4652-434D-8FBC-D88D3878751E}"
EndProject
Project("{FAE04EC0-301F-11D3-BF4B-00C04F79EFBC}") = "GestioneVotiStudente", "Moussa\GestioneVotiStudente\GestioneVotiStudente.csproj", "{493271F7-86BA-4E53-9CDD-54AD93AA866C}"
EndProject
Project("{2150E333-8FDC-42A3-9474-1A3956D46DE8}") = "OOPiniciale", "OOPiniciale", "{20486CA9-5F88-4ACD-8E49-AE20C7447C21}"
EndProject
Project("{FAE04EC0-301F-11D3-BF4B-00C04F79EFBC}") = "OOPiniciale", "Moussa\OOPiniciale\OOPiniciale\OOPiniciale.csproj", "{976FD28A-1252-427E-8731-E1BBE7021217}"
EndProject
Project("{FAE04EC0-301F-11D3-BF4B-00C04F79EFBC}") = "FirstDesktopApp", "FirstDesktopApp\FirstDesktopApp.csproj", "{B9415C31-EC69-4243-BD58-77C95ED69D70}"
EndProject
Global
	GlobalSection(SolutionConfigurationPlatforms) = preSolution
		Debug|Any CPU = Debug|Any CPU
		Release|Any CPU = Release|Any CPU
	EndGlobalSection
	GlobalSection(SolutionProperties) = preSolution
		HideSolutionNode = FALSE
	EndGlobalSection
	GlobalSection(ProjectConfigurationPlatforms) = postSolution
		{89B7834C-474A-4DB6-BF55-77573485436A}.Debug|Any CPU.ActiveCfg = Debug|Any CPU
		{89B7834C-474A-4DB6-BF55-77573485436A}.Debug|Any CPU.Build.0 = Debug|Any CPU
		{89B7834C-474A-4DB6-BF55-77573485436A}.Release|Any CPU.ActiveCfg = Release|Any CPU
		{89B7834C-474A-4DB6-BF55-77573485436A}.Release|Any CPU.Build.0 = Release|Any CPU
		{305B567B-2008-45EC-8F18-5F034479F04D}.Debug|Any CPU.ActiveCfg = Debug|Any CPU
		{305B567B-2008-45EC-8F18-5F034479F04D}.Debug|Any CPU.Build.0 = Debug|Any CPU
		{305B567B-2008-45EC-8F18-5F034479F04D}.Release|Any CPU.ActiveCfg = Release|Any CPU
		{305B567B-2008-45EC-8F18-5F034479F04D}.Release|Any CPU.Build.0 = Release|Any CPU
		{B63A2049-B0FD-407E-9C05-8C509A470D6A}.Debug|Any CPU.ActiveCfg = Debug|Any CPU
		{B63A2049-B0FD-407E-9C05-8C509A470D6A}.Debug|Any CPU.Build.0 = Debug|Any CPU
		{B63A2049-B0FD-407E-9C05-8C509A470D6A}.Release|Any CPU.ActiveCfg = Release|Any CPU
		{B63A2049-B0FD-407E-9C05-8C509A470D6A}.Release|Any CPU.Build.0 = Release|Any CPU
		{EE042A72-4652-434D-8FBC-D88D3878751E}.Debug|Any CPU.ActiveCfg = Debug|Any CPU
		{EE042A72-4652-434D-8FBC-D88D3878751E}.Debug|Any CPU.Build.0 = Debug|Any CPU
		{EE042A72-4652-434D-8FBC-D88D3878751E}.Release|Any CPU.ActiveCfg = Release|Any CPU
		{EE042A72-4652-434D-8FBC-D88D3878751E}.Release|Any CPU.Build.0 = Release|Any CPU
		{493271F7-86BA-4E53-9CDD-54AD93AA866C}.Debug|Any CPU.ActiveCfg = Debug|Any CPU
		{493271F7-86BA-4E53-9CDD-54AD93AA866C}.Debug|Any CPU.Build.0 = Debug|Any CPU
		{493271F7-86BA-4E53-9CDD-54AD93AA866C}.Release|Any CPU.ActiveCfg = Release|Any CPU
		{493271F7-86BA-4E53-9CDD-54AD93AA866C}.Release|Any CPU.Build.0 = Release|Any CPU
		{976FD28A-1252-427E-8731-E1BBE7021217}.Debug|Any CPU.ActiveCfg = Debug|Any CPU
		{976FD28A-1252-427E-8731-E1BBE7021217}.Debug|Any CPU.Build.0 = Debug|Any CPU
		{976FD28A-1252-427E-8731-E1BBE7021217}.Release|Any CPU.ActiveCfg = Release|Any CPU
		{976FD28A-1252-427E-8731-E1BBE7021217}.Release|Any CPU.Build.0 = Release|Any CPU
		{B9415C31-EC69-4243-BD58-77C95ED69D70}.Debug|Any CPU.ActiveCfg = Debug|Any CPU
		{B9415C31-EC69-4243-BD58-77C95ED69D70}.Debug|Any CPU.Build.0 = Debug|Any CPU
		{B9415C31-EC69-4243-BD58-77C95ED69D70}.Release|Any CPU.ActiveCfg = Release|Any CPU
		{B9415C31-EC69-4243-BD58-77C95ED69D70}.Release|Any CPU.Build.0 = Release|Any CPU
	EndGlobalSection
	GlobalSection(NestedProjects) = preSolution
		{89B7834C-474A-4DB6-BF55-77573485436A} = {DEBB4A1E-2811-4E64-BF3E-37EAF1C18675}
		{305B567B-2008-45EC-8F18-5F034479F04D} = {DEBB4A1E-2811-4E64-BF3E-37EAF1C18675}
		{B63A2049-B0FD-407E-9C05-8C509A470D6A} = {53A6C08D-4F4B-4F5F-83D0-760108356475}
		{EE042A72-4652-434D-8FBC-D88D3878751E} = {53A6C08D-4F4B-4F5F-83D0-760108356475}
		{493271F7-86BA-4E53-9CDD-54AD93AA866C} = {53A6C08D-4F4B-4F5F-83D0-760108356475}
		{20486CA9-5F88-4ACD-8E49-AE20C7447C21} = {53A6C08D-4F4B-4F5F-83D0-760108356475}
		{976FD28A-1252-427E-8731-E1BBE7021217} = {20486CA9-5F88-4ACD-8E49-AE20C7447C21}
		{B9415C31-EC69-4243-BD58-77C95ED69D70} = {53A6C08D-4F4B-4F5F-83D0-760108356475}
	EndGlobalSection
EndGlobal
